
Microsoft Visual Studio Solution File, Format Version 12.00
# Visual Studio Version 16
VisualStudioVersion = 16.0.30804.86
MinimumVisualStudioVersion = 10.0.40219.1
Project("{9A19103F-16F7-4668-BE54-9A1E7A4F7556}") = "MementoPattern", "MementoPattern\MementoPattern.csproj", "{BDE4C89D-B313-4BCE-89B8-C8B9B2C477CE}"
EndProject
Project("{9A19103F-16F7-4668-BE54-9A1E7A4F7556}") = "StatePattern", "StatePattern\StatePattern.csproj", "{765935EF-C61E-4545-85F3-E760A9150B7A}"
EndProject
Project("{9A19103F-16F7-4668-BE54-9A1E7A4F7556}") = "IteratorPattern", "IteratorPattern\IteratorPattern.csproj", "{7A6D86F5-17D5-4BCF-876B-231D23861BF1}"
EndProject
Project("{9A19103F-16F7-4668-BE54-9A1E7A4F7556}") = "StrategyPattern", "StrategyPattern\StrategyPattern.csproj", "{B4DB6994-AD5B-4ECB-94E4-58B20A0070C2}"
EndProject
Project("{9A19103F-16F7-4668-BE54-9A1E7A4F7556}") = "TemplateMethodPattern", "TemplateMethodPattern\TemplateMethodPattern.csproj", "{836C9526-AA4C-43EE-A8AA-97D998FC279A}"
EndProject
Project("{9A19103F-16F7-4668-BE54-9A1E7A4F7556}") = "CommandPattern", "CommandPattern\CommandPattern.csproj", "{A49081FC-C440-4361-A521-9F8668F0F86D}"
EndProject
Project("{9A19103F-16F7-4668-BE54-9A1E7A4F7556}") = "ObserverPattern", "ObserverPattern\ObserverPattern.csproj", "{C997A7E9-F510-4BF4-B23B-47FBAE00D0E2}"
EndProject
Project("{FAE04EC0-301F-11D3-BF4B-00C04F79EFBC}") = "MediatorPattern", "MediatorPattern\MediatorPattern.csproj", "{9926660A-3C1F-4321-8CEC-078F8A33D313}"
EndProject
Project("{FAE04EC0-301F-11D3-BF4B-00C04F79EFBC}") = "ChainOfResponsibilityPattern", "ChainOfResponsibilityPattern\ChainOfResponsibilityPattern.csproj", "{E488B680-9211-4B36-B13C-5E96A7A0057F}"
EndProject
Project("{FAE04EC0-301F-11D3-BF4B-00C04F79EFBC}") = "VisitorPattern", "VisitorPattern\VisitorPattern.csproj", "{6DFEA180-7FB0-42FD-A18F-A25449A0F774}"
EndProject
Global
	GlobalSection(SolutionConfigurationPlatforms) = preSolution
		Debug|Any CPU = Debug|Any CPU
		Release|Any CPU = Release|Any CPU
	EndGlobalSection
	GlobalSection(ProjectConfigurationPlatforms) = postSolution
		{BDE4C89D-B313-4BCE-89B8-C8B9B2C477CE}.Debug|Any CPU.ActiveCfg = Debug|Any CPU
		{BDE4C89D-B313-4BCE-89B8-C8B9B2C477CE}.Debug|Any CPU.Build.0 = Debug|Any CPU
		{BDE4C89D-B313-4BCE-89B8-C8B9B2C477CE}.Release|Any CPU.ActiveCfg = Release|Any CPU
		{BDE4C89D-B313-4BCE-89B8-C8B9B2C477CE}.Release|Any CPU.Build.0 = Release|Any CPU
		{765935EF-C61E-4545-85F3-E760A9150B7A}.Debug|Any CPU.ActiveCfg = Debug|Any CPU
		{765935EF-C61E-4545-85F3-E760A9150B7A}.Debug|Any CPU.Build.0 = Debug|Any CPU
		{765935EF-C61E-4545-85F3-E760A9150B7A}.Release|Any CPU.ActiveCfg = Release|Any CPU
		{765935EF-C61E-4545-85F3-E760A9150B7A}.Release|Any CPU.Build.0 = Release|Any CPU
		{7A6D86F5-17D5-4BCF-876B-231D23861BF1}.Debug|Any CPU.ActiveCfg = Debug|Any CPU
		{7A6D86F5-17D5-4BCF-876B-231D23861BF1}.Debug|Any CPU.Build.0 = Debug|Any CPU
		{7A6D86F5-17D5-4BCF-876B-231D23861BF1}.Release|Any CPU.ActiveCfg = Release|Any CPU
		{7A6D86F5-17D5-4BCF-876B-231D23861BF1}.Release|Any CPU.Build.0 = Release|Any CPU
		{B4DB6994-AD5B-4ECB-94E4-58B20A0070C2}.Debug|Any CPU.ActiveCfg = Debug|Any CPU
		{B4DB6994-AD5B-4ECB-94E4-58B20A0070C2}.Debug|Any CPU.Build.0 = Debug|Any CPU
		{B4DB6994-AD5B-4ECB-94E4-58B20A0070C2}.Release|Any CPU.ActiveCfg = Release|Any CPU
		{B4DB6994-AD5B-4ECB-94E4-58B20A0070C2}.Release|Any CPU.Build.0 = Release|Any CPU
		{836C9526-AA4C-43EE-A8AA-97D998FC279A}.Debug|Any CPU.ActiveCfg = Debug|Any CPU
		{836C9526-AA4C-43EE-A8AA-97D998FC279A}.Debug|Any CPU.Build.0 = Debug|Any CPU
		{836C9526-AA4C-43EE-A8AA-97D998FC279A}.Release|Any CPU.ActiveCfg = Release|Any CPU
		{836C9526-AA4C-43EE-A8AA-97D998FC279A}.Release|Any CPU.Build.0 = Release|Any CPU
		{A49081FC-C440-4361-A521-9F8668F0F86D}.Debug|Any CPU.ActiveCfg = Debug|Any CPU
		{A49081FC-C440-4361-A521-9F8668F0F86D}.Debug|Any CPU.Build.0 = Debug|Any CPU
		{A49081FC-C440-4361-A521-9F8668F0F86D}.Release|Any CPU.ActiveCfg = Release|Any CPU
		{A49081FC-C440-4361-A521-9F8668F0F86D}.Release|Any CPU.Build.0 = Release|Any CPU
		{C997A7E9-F510-4BF4-B23B-47FBAE00D0E2}.Debug|Any CPU.ActiveCfg = Debug|Any CPU
		{C997A7E9-F510-4BF4-B23B-47FBAE00D0E2}.Debug|Any CPU.Build.0 = Debug|Any CPU
		{C997A7E9-F510-4BF4-B23B-47FBAE00D0E2}.Release|Any CPU.ActiveCfg = Release|Any CPU
		{C997A7E9-F510-4BF4-B23B-47FBAE00D0E2}.Release|Any CPU.Build.0 = Release|Any CPU
		{9926660A-3C1F-4321-8CEC-078F8A33D313}.Debug|Any CPU.ActiveCfg = Debug|Any CPU
		{9926660A-3C1F-4321-8CEC-078F8A33D313}.Debug|Any CPU.Build.0 = Debug|Any CPU
		{9926660A-3C1F-4321-8CEC-078F8A33D313}.Release|Any CPU.ActiveCfg = Release|Any CPU
		{9926660A-3C1F-4321-8CEC-078F8A33D313}.Release|Any CPU.Build.0 = Release|Any CPU
		{E488B680-9211-4B36-B13C-5E96A7A0057F}.Debug|Any CPU.ActiveCfg = Debug|Any CPU
		{E488B680-9211-4B36-B13C-5E96A7A0057F}.Debug|Any CPU.Build.0 = Debug|Any CPU
		{E488B680-9211-4B36-B13C-5E96A7A0057F}.Release|Any CPU.ActiveCfg = Release|Any CPU
		{E488B680-9211-4B36-B13C-5E96A7A0057F}.Release|Any CPU.Build.0 = Release|Any CPU
		{6DFEA180-7FB0-42FD-A18F-A25449A0F774}.Debug|Any CPU.ActiveCfg = Debug|Any CPU
		{6DFEA180-7FB0-42FD-A18F-A25449A0F774}.Debug|Any CPU.Build.0 = Debug|Any CPU
		{6DFEA180-7FB0-42FD-A18F-A25449A0F774}.Release|Any CPU.ActiveCfg = Release|Any CPU
		{6DFEA180-7FB0-42FD-A18F-A25449A0F774}.Release|Any CPU.Build.0 = Release|Any CPU
	EndGlobalSection
	GlobalSection(SolutionProperties) = preSolution
		HideSolutionNode = FALSE
	EndGlobalSection
	GlobalSection(ExtensibilityGlobals) = postSolution
		SolutionGuid = {9A472BA3-7CB1-41F9-A6F6-F57FB0B9ECCD}
	EndGlobalSection
EndGlobal
